
Microsoft Visual Studio Solution File, Format Version 12.00
# Visual Studio Version 17
VisualStudioVersion = 17.0.31903.59
MinimumVisualStudioVersion = 10.0.40219.1
Project("{2150E333-8FDC-42A3-9474-1A3956D46DE8}") = "src", "src", "{523ECD1F-B47B-430E-8DC2-5AC222B2C72B}"
EndProject
Project("{FAE04EC0-301F-11D3-BF4B-00C04F79EFBC}") = "DataUsageReporter", "src\DataUsageReporter\DataUsageReporter.csproj", "{1729CE80-DD8E-4D51-9E29-F6AAE806431A}"
EndProject
Project("{2150E333-8FDC-42A3-9474-1A3956D46DE8}") = "tests", "tests", "{4B7F3D51-61E8-4121-9AEB-11ADCB56C52E}"
EndProject
Project("{FAE04EC0-301F-11D3-BF4B-00C04F79EFBC}") = "DataUsageReporter.Tests", "tests\DataUsageReporter.Tests\DataUsageReporter.Tests.csproj", "{8984CB83-D405-4F2A-85A0-717361EE4265}"
EndProject
Global
	GlobalSection(SolutionConfigurationPlatforms) = preSolution
		Debug|Any CPU = Debug|Any CPU
		Release|Any CPU = Release|Any CPU
	EndGlobalSection
	GlobalSection(SolutionProperties) = preSolution
		HideSolutionNode = FALSE
	EndGlobalSection
	GlobalSection(ProjectConfigurationPlatforms) = postSolution
		{1729CE80-DD8E-4D51-9E29-F6AAE806431A}.Debug|Any CPU.ActiveCfg = Debug|Any CPU
		{1729CE80-DD8E-4D51-9E29-F6AAE806431A}.Debug|Any CPU.Build.0 = Debug|Any CPU
		{1729CE80-DD8E-4D51-9E29-F6AAE806431A}.Release|Any CPU.ActiveCfg = Release|Any CPU
		{1729CE80-DD8E-4D51-9E29-F6AAE806431A}.Release|Any CPU.Build.0 = Release|Any CPU
		{8984CB83-D405-4F2A-85A0-717361EE4265}.Debug|Any CPU.ActiveCfg = Debug|Any CPU
		{8984CB83-D405-4F2A-85A0-717361EE4265}.Debug|Any CPU.Build.0 = Debug|Any CPU
		{8984CB83-D405-4F2A-85A0-717361EE4265}.Release|Any CPU.ActiveCfg = Release|Any CPU
		{8984CB83-D405-4F2A-85A0-717361EE4265}.Release|Any CPU.Build.0 = Release|Any CPU
	EndGlobalSection
	GlobalSection(NestedProjects) = preSolution
		{1729CE80-DD8E-4D51-9E29-F6AAE806431A} = {523ECD1F-B47B-430E-8DC2-5AC222B2C72B}
		{8984CB83-D405-4F2A-85A0-717361EE4265} = {4B7F3D51-61E8-4121-9AEB-11ADCB56C52E}
	EndGlobalSection
EndGlobal
